// !$*UTF8*$!
{
	archiveVersion = 1;
	classes = {
	};
	objectVersion = 46;
	objects = {

/* Begin PBXBuildFile section */
		6DC399E81C50C0640056045D /* main.m in Sources */ = {isa = PBXBuildFile; fileRef = 6DC399E71C50C0640056045D /* main.m */; };
		6DC399EB1C50C0640056045D /* AppDelegate.m in Sources */ = {isa = PBXBuildFile; fileRef = 6DC399EA1C50C0640056045D /* AppDelegate.m */; };
		6DC399EE1C50C0640056045D /* ViewController.m in Sources */ = {isa = PBXBuildFile; fileRef = 6DC399ED1C50C0640056045D /* ViewController.m */; };
		6DC399F11C50C0640056045D /* Main.storyboard in Resources */ = {isa = PBXBuildFile; fileRef = 6DC399EF1C50C0640056045D /* Main.storyboard */; };
		6DC399F31C50C0640056045D /* Assets.xcassets in Resources */ = {isa = PBXBuildFile; fileRef = 6DC399F21C50C0640056045D /* Assets.xcassets */; };
		6DC399F61C50C0640056045D /* LaunchScreen.storyboard in Resources */ = {isa = PBXBuildFile; fileRef = 6DC399F41C50C0640056045D /* LaunchScreen.storyboard */; };
		6DC39A011C50C0640056045D /* CustomerServiceTests.m in Sources */ = {isa = PBXBuildFile; fileRef = 6DC39A001C50C0640056045D /* CustomerServiceTests.m */; };
		6DC39A0C1C50C0640056045D /* CustomerServiceUITests.m in Sources */ = {isa = PBXBuildFile; fileRef = 6DC39A0B1C50C0640056045D /* CustomerServiceUITests.m */; };
/* End PBXBuildFile section */

/* Begin PBXContainerItemProxy section */
		6DC399FD1C50C0640056045D /* PBXContainerItemProxy */ = {
			isa = PBXContainerItemProxy;
			containerPortal = 6DC399DB1C50C0640056045D /* Project object */;
			proxyType = 1;
			remoteGlobalIDString = 6DC399E21C50C0640056045D;
			remoteInfo = CustomerService;
		};
		6DC39A081C50C0640056045D /* PBXContainerItemProxy */ = {
			isa = PBXContainerItemProxy;
			containerPortal = 6DC399DB1C50C0640056045D /* Project object */;
			proxyType = 1;
			remoteGlobalIDString = 6DC399E21C50C0640056045D;
			remoteInfo = CustomerService;
		};
/* End PBXContainerItemProxy section */

/* Begin PBXFileReference section */
		6DC399E31C50C0640056045D /* CustomerService.app */ = {isa = PBXFileReference; explicitFileType = wrapper.application; includeInIndex = 0; path = CustomerService.app; sourceTree = BUILT_PRODUCTS_DIR; };
		6DC399E71C50C0640056045D /* main.m */ = {isa = PBXFileReference; lastKnownFileType = sourcecode.c.objc; path = main.m; sourceTree = "<group>"; };
		6DC399E91C50C0640056045D /* AppDelegate.h */ = {isa = PBXFileReference; lastKnownFileType = sourcecode.c.h; path = AppDelegate.h; sourceTree = "<group>"; };
		6DC399EA1C50C0640056045D /* AppDelegate.m */ = {isa = PBXFileReference; lastKnownFileType = sourcecode.c.objc; path = AppDelegate.m; sourceTree = "<group>"; };
		6DC399EC1C50C0640056045D /* ViewController.h */ = {isa = PBXFileReference; lastKnownFileType = sourcecode.c.h; path = ViewController.h; sourceTree = "<group>"; };
		6DC399ED1C50C0640056045D /* ViewController.m */ = {isa = PBXFileReference; lastKnownFileType = sourcecode.c.objc; path = ViewController.m; sourceTree = "<group>"; };
		6DC399F01C50C0640056045D /* Base */ = {isa = PBXFileReference; lastKnownFileType = file.storyboard; name = Base; path = Base.lproj/Main.storyboard; sourceTree = "<group>"; };
		6DC399F21C50C0640056045D /* Assets.xcassets */ = {isa = PBXFileReference; lastKnownFileType = folder.assetcatalog; path = Assets.xcassets; sourceTree = "<group>"; };
		6DC399F51C50C0640056045D /* Base */ = {isa = PBXFileReference; lastKnownFileType = file.storyboard; name = Base; path = Base.lproj/LaunchScreen.storyboard; sourceTree = "<group>"; };
		6DC399F71C50C0640056045D /* Info.plist */ = {isa = PBXFileReference; lastKnownFileType = text.plist.xml; path = Info.plist; sourceTree = "<group>"; };
		6DC399FC1C50C0640056045D /* CustomerServiceTests.xctest */ = {isa = PBXFileReference; explicitFileType = wrapper.cfbundle; includeInIndex = 0; path = CustomerServiceTests.xctest; sourceTree = BUILT_PRODUCTS_DIR; };
		6DC39A001C50C0640056045D /* CustomerServiceTests.m */ = {isa = PBXFileReference; lastKnownFileType = sourcecode.c.objc; path = CustomerServiceTests.m; sourceTree = "<group>"; };
		6DC39A021C50C0640056045D /* Info.plist */ = {isa = PBXFileReference; lastKnownFileType = text.plist.xml; path = Info.plist; sourceTree = "<group>"; };
		6DC39A071C50C0640056045D /* CustomerServiceUITests.xctest */ = {isa = PBXFileReference; explicitFileType = wrapper.cfbundle; includeInIndex = 0; path = CustomerServiceUITests.xctest; sourceTree = BUILT_PRODUCTS_DIR; };
		6DC39A0B1C50C0640056045D /* CustomerServiceUITests.m */ = {isa = PBXFileReference; lastKnownFileType = sourcecode.c.objc; path = CustomerServiceUITests.m; sourceTree = "<group>"; };
		6DC39A0D1C50C0640056045D /* Info.plist */ = {isa = PBXFileReference; lastKnownFileType = text.plist.xml; path = Info.plist; sourceTree = "<group>"; };
/* End PBXFileReference section */

/* Begin PBXFrameworksBuildPhase section */
		6DC399E01C50C0640056045D /* Frameworks */ = {
			isa = PBXFrameworksBuildPhase;
			buildActionMask = 2147483647;
			files = (
			);
			runOnlyForDeploymentPostprocessing = 0;
		};
		6DC399F91C50C0640056045D /* Frameworks */ = {
			isa = PBXFrameworksBuildPhase;
			buildActionMask = 2147483647;
			files = (
			);
			runOnlyForDeploymentPostprocessing = 0;
		};
		6DC39A041C50C0640056045D /* Frameworks */ = {
			isa = PBXFrameworksBuildPhase;
			buildActionMask = 2147483647;
			files = (
			);
			runOnlyForDeploymentPostprocessing = 0;
		};
/* End PBXFrameworksBuildPhase section */

/* Begin PBXGroup section */
		6DC399DA1C50C0640056045D = {
			isa = PBXGroup;
			children = (
				6DC399E51C50C0640056045D /* CustomerService */,
				6DC399FF1C50C0640056045D /* CustomerServiceTests */,
				6DC39A0A1C50C0640056045D /* CustomerServiceUITests */,
				6DC399E41C50C0640056045D /* Products */,
			);
			sourceTree = "<group>";
		};
		6DC399E41C50C0640056045D /* Products */ = {
			isa = PBXGroup;
			children = (
				6DC399E31C50C0640056045D /* CustomerService.app */,
				6DC399FC1C50C0640056045D /* CustomerServiceTests.xctest */,
				6DC39A071C50C0640056045D /* CustomerServiceUITests.xctest */,
			);
			name = Products;
			sourceTree = "<group>";
		};
		6DC399E51C50C0640056045D /* CustomerService */ = {
			isa = PBXGroup;
			children = (
				6DC399E91C50C0640056045D /* AppDelegate.h */,
				6DC399EA1C50C0640056045D /* AppDelegate.m */,
				6DC399EC1C50C0640056045D /* ViewController.h */,
				6DC399ED1C50C0640056045D /* ViewController.m */,
				6DC399EF1C50C0640056045D /* Main.storyboard */,
				6DC399F21C50C0640056045D /* Assets.xcassets */,
				6DC399F41C50C0640056045D /* LaunchScreen.storyboard */,
				6DC399F71C50C0640056045D /* Info.plist */,
				6DC399E61C50C0640056045D /* Supporting Files */,
			);
			path = CustomerService;
			sourceTree = "<group>";
		};
		6DC399E61C50C0640056045D /* Supporting Files */ = {
			isa = PBXGroup;
			children = (
				6DC399E71C50C0640056045D /* main.m */,
			);
			name = "Supporting Files";
			sourceTree = "<group>";
		};
		6DC399FF1C50C0640056045D /* CustomerServiceTests */ = {
			isa = PBXGroup;
			children = (
				6DC39A001C50C0640056045D /* CustomerServiceTests.m */,
				6DC39A021C50C0640056045D /* Info.plist */,
			);
			path = CustomerServiceTests;
			sourceTree = "<group>";
		};
		6DC39A0A1C50C0640056045D /* CustomerServiceUITests */ = {
			isa = PBXGroup;
			children = (
				6DC39A0B1C50C0640056045D /* CustomerServiceUITests.m */,
				6DC39A0D1C50C0640056045D /* Info.plist */,
			);
			path = CustomerServiceUITests;
			sourceTree = "<group>";
		};
/* End PBXGroup section */

/* Begin PBXNativeTarget section */
		6DC399E21C50C0640056045D /* CustomerService */ = {
			isa = PBXNativeTarget;
			buildConfigurationList = 6DC39A101C50C0640056045D /* Build configuration list for PBXNativeTarget "CustomerService" */;
			buildPhases = (
				6DC399DF1C50C0640056045D /* Sources */,
				6DC399E01C50C0640056045D /* Frameworks */,
				6DC399E11C50C0640056045D /* Resources */,
			);
			buildRules = (
			);
			dependencies = (
			);
			name = CustomerService;
			productName = CustomerService;
			productReference = 6DC399E31C50C0640056045D /* CustomerService.app */;
			productType = "com.apple.product-type.application";
		};
		6DC399FB1C50C0640056045D /* CustomerServiceTests */ = {
			isa = PBXNativeTarget;
			buildConfigurationList = 6DC39A131C50C0640056045D /* Build configuration list for PBXNativeTarget "CustomerServiceTests" */;
			buildPhases = (
				6DC399F81C50C0640056045D /* Sources */,
				6DC399F91C50C0640056045D /* Frameworks */,
				6DC399FA1C50C0640056045D /* Resources */,
			);
			buildRules = (
			);
			dependencies = (
				6DC399FE1C50C0640056045D /* PBXTargetDependency */,
			);
			name = CustomerServiceTests;
			productName = CustomerServiceTests;
			productReference = 6DC399FC1C50C0640056045D /* CustomerServiceTests.xctest */;
			productType = "com.apple.product-type.bundle.unit-test";
		};
		6DC39A061C50C0640056045D /* CustomerServiceUITests */ = {
			isa = PBXNativeTarget;
			buildConfigurationList = 6DC39A161C50C0640056045D /* Build configuration list for PBXNativeTarget "CustomerServiceUITests" */;
			buildPhases = (
				6DC39A031C50C0640056045D /* Sources */,
				6DC39A041C50C0640056045D /* Frameworks */,
				6DC39A051C50C0640056045D /* Resources */,
			);
			buildRules = (
			);
			dependencies = (
				6DC39A091C50C0640056045D /* PBXTargetDependency */,
			);
			name = CustomerServiceUITests;
			productName = CustomerServiceUITests;
			productReference = 6DC39A071C50C0640056045D /* CustomerServiceUITests.xctest */;
			productType = "com.apple.product-type.bundle.ui-testing";
		};
/* End PBXNativeTarget section */

/* Begin PBXProject section */
		6DC399DB1C50C0640056045D /* Project object */ = {
			isa = PBXProject;
			attributes = {
				LastUpgradeCheck = 0720;
				ORGANIZATIONNAME = "刘荻";
				TargetAttributes = {
					6DC399E21C50C0640056045D = {
						CreatedOnToolsVersion = 7.2;
					};
					6DC399FB1C50C0640056045D = {
						CreatedOnToolsVersion = 7.2;
						TestTargetID = 6DC399E21C50C0640056045D;
					};
					6DC39A061C50C0640056045D = {
						CreatedOnToolsVersion = 7.2;
						TestTargetID = 6DC399E21C50C0640056045D;
					};
				};
			};
			buildConfigurationList = 6DC399DE1C50C0640056045D /* Build configuration list for PBXProject "CustomerService" */;
			compatibilityVersion = "Xcode 3.2";
			developmentRegion = English;
			hasScannedForEncodings = 0;
			knownRegions = (
				en,
				Base,
			);
			mainGroup = 6DC399DA1C50C0640056045D;
			productRefGroup = 6DC399E41C50C0640056045D /* Products */;
			projectDirPath = "";
			projectRoot = "";
			targets = (
				6DC399E21C50C0640056045D /* CustomerService */,
				6DC399FB1C50C0640056045D /* CustomerServiceTests */,
				6DC39A061C50C0640056045D /* CustomerServiceUITests */,
			);
		};
/* End PBXProject section */

/* Begin PBXResourcesBuildPhase section */
		6DC399E11C50C0640056045D /* Resources */ = {
			isa = PBXResourcesBuildPhase;
			buildActionMask = 2147483647;
			files = (
				6DC399F61C50C0640056045D /* LaunchScreen.storyboard in Resources */,
				6DC399F31C50C0640056045D /* Assets.xcassets in Resources */,
				6DC399F11C50C0640056045D /* Main.storyboard in Resources */,
			);
			runOnlyForDeploymentPostprocessing = 0;
		};
		6DC399FA1C50C0640056045D /* Resources */ = {
			isa = PBXResourcesBuildPhase;
			buildActionMask = 2147483647;
			files = (
			);
			runOnlyForDeploymentPostprocessing = 0;
		};
		6DC39A051C50C0640056045D /* Resources */ = {
			isa = PBXResourcesBuildPhase;
			buildActionMask = 2147483647;
			files = (
			);
			runOnlyForDeploymentPostprocessing = 0;
		};
/* End PBXResourcesBuildPhase section */

/* Begin PBXSourcesBuildPhase section */
		6DC399DF1C50C0640056045D /* Sources */ = {
			isa = PBXSourcesBuildPhase;
			buildActionMask = 2147483647;
			files = (
				6DC399EE1C50C0640056045D /* ViewController.m in Sources */,
				6DC399EB1C50C0640056045D /* AppDelegate.m in Sources */,
				6DC399E81C50C0640056045D /* main.m in Sources */,
			);
			runOnlyForDeploymentPostprocessing = 0;
		};
		6DC399F81C50C0640056045D /* Sources */ = {
			isa = PBXSourcesBuildPhase;
			buildActionMask = 2147483647;
			files = (
				6DC39A011C50C0640056045D /* CustomerServiceTests.m in Sources */,
			);
			runOnlyForDeploymentPostprocessing = 0;
		};
		6DC39A031C50C0640056045D /* Sources */ = {
			isa = PBXSourcesBuildPhase;
			buildActionMask = 2147483647;
			files = (
				6DC39A0C1C50C0640056045D /* CustomerServiceUITests.m in Sources */,
			);
			runOnlyForDeploymentPostprocessing = 0;
		};
/* End PBXSourcesBuildPhase section */

/* Begin PBXTargetDependency section */
		6DC399FE1C50C0640056045D /* PBXTargetDependency */ = {
			isa = PBXTargetDependency;
			target = 6DC399E21C50C0640056045D /* CustomerService */;
			targetProxy = 6DC399FD1C50C0640056045D /* PBXContainerItemProxy */;
		};
		6DC39A091C50C0640056045D /* PBXTargetDependency */ = {
			isa = PBXTargetDependency;
			target = 6DC399E21C50C0640056045D /* CustomerService */;
			targetProxy = 6DC39A081C50C0640056045D /* PBXContainerItemProxy */;
		};
/* End PBXTargetDependency section */

/* Begin PBXVariantGroup section */
		6DC399EF1C50C0640056045D /* Main.storyboard */ = {
			isa = PBXVariantGroup;
			children = (
				6DC399F01C50C0640056045D /* Base */,
			);
			name = Main.storyboard;
			sourceTree = "<group>";
		};
		6DC399F41C50C0640056045D /* LaunchScreen.storyboard */ = {
			isa = PBXVariantGroup;
			children = (
				6DC399F51C50C0640056045D /* Base */,
			);
			name = LaunchScreen.storyboard;
			sourceTree = "<group>";
		};
/* End PBXVariantGroup section */

/* Begin XCBuildConfiguration section */
		6DC39A0E1C50C0640056045D /* Debug */ = {
			isa = XCBuildConfiguration;
			buildSettings = {
				ALWAYS_SEARCH_USER_PATHS = NO;
				CLANG_CXX_LANGUAGE_STANDARD = "gnu++0x";
				CLANG_CXX_LIBRARY = "libc++";
				CLANG_ENABLE_MODULES = YES;
				CLANG_ENABLE_OBJC_ARC = YES;
				CLANG_WARN_BOOL_CONVERSION = YES;
				CLANG_WARN_CONSTANT_CONVERSION = YES;
				CLANG_WARN_DIRECT_OBJC_ISA_USAGE = YES_ERROR;
				CLANG_WARN_EMPTY_BODY = YES;
				CLANG_WARN_ENUM_CONVERSION = YES;
				CLANG_WARN_INT_CONVERSION = YES;
				CLANG_WARN_OBJC_ROOT_CLASS = YES_ERROR;
				CLANG_WARN_UNREACHABLE_CODE = YES;
				CLANG_WARN__DUPLICATE_METHOD_MATCH = YES;
				"CODE_SIGN_IDENTITY[sdk=iphoneos*]" = "iPhone Developer";
				COPY_PHASE_STRIP = NO;
				DEBUG_INFORMATION_FORMAT = dwarf;
				ENABLE_STRICT_OBJC_MSGSEND = YES;
				ENABLE_TESTABILITY = YES;
				GCC_C_LANGUAGE_STANDARD = gnu99;
				GCC_DYNAMIC_NO_PIC = NO;
				GCC_NO_COMMON_BLOCKS = YES;
				GCC_OPTIMIZATION_LEVEL = 0;
				GCC_PREPROCESSOR_DEFINITIONS = (
					"DEBUG=1",
					"$(inherited)",
				);
				GCC_WARN_64_TO_32_BIT_CONVERSION = YES;
				GCC_WARN_ABOUT_RETURN_TYPE = YES_ERROR;
				GCC_WARN_UNDECLARED_SELECTOR = YES;
				GCC_WARN_UNINITIALIZED_AUTOS = YES_AGGRESSIVE;
				GCC_WARN_UNUSED_FUNCTION = YES;
				GCC_WARN_UNUSED_VARIABLE = YES;
				IPHONEOS_DEPLOYMENT_TARGET = 9.2;
				MTL_ENABLE_DEBUG_INFO = YES;
				ONLY_ACTIVE_ARCH = YES;
				SDKROOT = iphoneos;
				TARGETED_DEVICE_FAMILY = "1,2";
			};
			name = Debug;
		};
		6DC39A0F1C50C0640056045D /* Release */ = {
			isa = XCBuildConfiguration;
			buildSettings = {
				ALWAYS_SEARCH_USER_PATHS = NO;
				CLANG_CXX_LANGUAGE_STANDARD = "gnu++0x";
				CLANG_CXX_LIBRARY = "libc++";
				CLANG_ENABLE_MODULES = YES;
				CLANG_ENABLE_OBJC_ARC = YES;
				CLANG_WARN_BOOL_CONVERSION = YES;
				CLANG_WARN_CONSTANT_CONVERSION = YES;
				CLANG_WARN_DIRECT_OBJC_ISA_USAGE = YES_ERROR;
				CLANG_WARN_EMPTY_BODY = YES;
				CLANG_WARN_ENUM_CONVERSION = YES;
				CLANG_WARN_INT_CONVERSION = YES;
				CLANG_WARN_OBJC_ROOT_CLASS = YES_ERROR;
				CLANG_WARN_UNREACHABLE_CODE = YES;
				CLANG_WARN__DUPLICATE_METHOD_MATCH = YES;
				"CODE_SIGN_IDENTITY[sdk=iphoneos*]" = "iPhone Developer";
				COPY_PHASE_STRIP = NO;
				DEBUG_INFORMATION_FORMAT = "dwarf-with-dsym";
				ENABLE_NS_ASSERTIONS = NO;
				ENABLE_STRICT_OBJC_MSGSEND = YES;
				GCC_C_LANGUAGE_STANDARD = gnu99;
				GCC_NO_COMMON_BLOCKS = YES;
				GCC_WARN_64_TO_32_BIT_CONVERSION = YES;
				GCC_WARN_ABOUT_RETURN_TYPE = YES_ERROR;
				GCC_WARN_UNDECLARED_SELECTOR = YES;
				GCC_WARN_UNINITIALIZED_AUTOS = YES_AGGRESSIVE;
				GCC_WARN_UNUSED_FUNCTION = YES;
				GCC_WARN_UNUSED_VARIABLE = YES;
				IPHONEOS_DEPLOYMENT_TARGET = 9.2;
				MTL_ENABLE_DEBUG_INFO = NO;
				SDKROOT = iphoneos;
				TARGETED_DEVICE_FAMILY = "1,2";
				VALIDATE_PRODUCT = YES;
			};
			name = Release;
		};
		6DC39A111C50C0640056045D /* Debug */ = {
			isa = XCBuildConfiguration;
			buildSettings = {
				ASSETCATALOG_COMPILER_APPICON_NAME = AppIcon;
				INFOPLIST_FILE = CustomerService/Info.plist;
				LD_RUNPATH_SEARCH_PATHS = "$(inherited) @executable_path/Frameworks";
				PRODUCT_BUNDLE_IDENTIFIER = com.cinvision.CustomerService;
				PRODUCT_NAME = "$(TARGET_NAME)";
			};
			name = Debug;
		};
		6DC39A121C50C0640056045D /* Release */ = {
			isa = XCBuildConfiguration;
			buildSettings = {
				ASSETCATALOG_COMPILER_APPICON_NAME = AppIcon;
				INFOPLIST_FILE = CustomerService/Info.plist;
				LD_RUNPATH_SEARCH_PATHS = "$(inherited) @executable_path/Frameworks";
				PRODUCT_BUNDLE_IDENTIFIER = com.cinvision.CustomerService;
				PRODUCT_NAME = "$(TARGET_NAME)";
			};
			name = Release;
		};
		6DC39A141C50C0640056045D /* Debug */ = {
			isa = XCBuildConfiguration;
			buildSettings = {
				BUNDLE_LOADER = "$(TEST_HOST)";
				INFOPLIST_FILE = CustomerServiceTests/Info.plist;
				LD_RUNPATH_SEARCH_PATHS = "$(inherited) @executable_path/Frameworks @loader_path/Frameworks";
				PRODUCT_BUNDLE_IDENTIFIER = com.cinvision.CustomerServiceTests;
				PRODUCT_NAME = "$(TARGET_NAME)";
				TEST_HOST = "$(BUILT_PRODUCTS_DIR)/CustomerService.app/CustomerService";
			};
			name = Debug;
		};
		6DC39A151C50C0640056045D /* Release */ = {
			isa = XCBuildConfiguration;
			buildSettings = {
				BUNDLE_LOADER = "$(TEST_HOST)";
				INFOPLIST_FILE = CustomerServiceTests/Info.plist;
				LD_RUNPATH_SEARCH_PATHS = "$(inherited) @executable_path/Frameworks @loader_path/Frameworks";
				PRODUCT_BUNDLE_IDENTIFIER = com.cinvision.CustomerServiceTests;
				PRODUCT_NAME = "$(TARGET_NAME)";
				TEST_HOST = "$(BUILT_PRODUCTS_DIR)/CustomerService.app/CustomerService";
			};
			name = Release;
		};
		6DC39A171C50C0640056045D /* Debug */ = {
			isa = XCBuildConfiguration;
			buildSettings = {
				INFOPLIST_FILE = CustomerServiceUITests/Info.plist;
				LD_RUNPATH_SEARCH_PATHS = "$(inherited) @executable_path/Frameworks @loader_path/Frameworks";
				PRODUCT_BUNDLE_IDENTIFIER = com.cinvision.CustomerServiceUITests;
				PRODUCT_NAME = "$(TARGET_NAME)";
				TEST_TARGET_NAME = CustomerService;
				USES_XCTRUNNER = YES;
			};
			name = Debug;
		};
		6DC39A181C50C0640056045D /* Release */ = {
			isa = XCBuildConfiguration;
			buildSettings = {
				INFOPLIST_FILE = CustomerServiceUITests/Info.plist;
				LD_RUNPATH_SEARCH_PATHS = "$(inherited) @executable_path/Frameworks @loader_path/Frameworks";
				PRODUCT_BUNDLE_IDENTIFIER = com.cinvision.CustomerServiceUITests;
				PRODUCT_NAME = "$(TARGET_NAME)";
				TEST_TARGET_NAME = CustomerService;
				USES_XCTRUNNER = YES;
			};
			name = Release;
		};
/* End XCBuildConfiguration section */

/* Begin XCConfigurationList section */
		6DC399DE1C50C0640056045D /* Build configuration list for PBXProject "CustomerService" */ = {
			isa = XCConfigurationList;
			buildConfigurations = (
				6DC39A0E1C50C0640056045D /* Debug */,
				6DC39A0F1C50C0640056045D /* Release */,
			);
			defaultConfigurationIsVisible = 0;
			defaultConfigurationName = Release;
		};
		6DC39A101C50C0640056045D /* Build configuration list for PBXNativeTarget "CustomerService" */ = {
			isa = XCConfigurationList;
			buildConfigurations = (
				6DC39A111C50C0640056045D /* Debug */,
				6DC39A121C50C0640056045D /* Release */,
			);
			defaultConfigurationIsVisible = 0;
		};
		6DC39A131C50C0640056045D /* Build configuration list for PBXNativeTarget "CustomerServiceTests" */ = {
			isa = XCConfigurationList;
			buildConfigurations = (
				6DC39A141C50C0640056045D /* Debug */,
				6DC39A151C50C0640056045D /* Release */,
			);
			defaultConfigurationIsVisible = 0;
		};
		6DC39A161C50C0640056045D /* Build configuration list for PBXNativeTarget "CustomerServiceUITests" */ = {
			isa = XCConfigurationList;
			buildConfigurations = (
				6DC39A171C50C0640056045D /* Debug */,
				6DC39A181C50C0640056045D /* Release */,
			);
			defaultConfigurationIsVisible = 0;
		};
/* End XCConfigurationList section */
	};
	rootObject = 6DC399DB1C50C0640056045D /* Project object */;
}
